
Microsoft Visual Studio Solution File, Format Version 12.00
# Visual Studio Version 17
VisualStudioVersion = 17.0.31903.59
MinimumVisualStudioVersion = 10.0.40219.1
Project("{FAE04EC0-301F-11D3-BF4B-00C04F79EFBC}") = "Tedwren.Client", "src\Tedwren.Client\Tedwren.Client.csproj", "{A1111111-1111-1111-1111-111111111111}"
EndProject
Project("{FAE04EC0-301F-11D3-BF4B-00C04F79EFBC}") = "Tedwren.UiComponents", "src\Tedwren.UiComponents\Tedwren.UiComponents.csproj", "{B2222222-2222-2222-2222-222222222222}"
EndProject
Project("{FAE04EC0-301F-11D3-BF4B-00C04F79EFBC}") = "Tedwren.UiComponents.SampleData", "src\Tedwren.UiComponents.SampleData\Tedwren.UiComponents.SampleData.csproj", "{C3333333-3333-3333-3333-333333333333}"
EndProject
Project("{2150E333-8FDC-42A3-9474-1A3956D46DE8}") = "src", "src", "{827E0CD3-B72D-47B6-A68D-7590B98EB39B}"
EndProject
Project("{FAE04EC0-301F-11D3-BF4B-00C04F79EFBC}") = "Tedwren.Abstractions", "src\Tedwren.Abstractions\Tedwren.Abstractions.csproj", "{F04C9C4A-C076-43D6-AAAA-B2E0088F8B27}"
EndProject
Project("{FAE04EC0-301F-11D3-BF4B-00C04F79EFBC}") = "Tedwren.Domain", "src\Tedwren.Domain\Tedwren.Domain.csproj", "{202A1D16-5A0F-49E8-8241-485E0EE596A4}"
EndProject
Project("{FAE04EC0-301F-11D3-BF4B-00C04F79EFBC}") = "Tedwren.Application", "src\Tedwren.Application\Tedwren.Application.csproj", "{760707DA-CB76-483D-9B36-396B66FBB2FF}"
EndProject
Project("{FAE04EC0-301F-11D3-BF4B-00C04F79EFBC}") = "Tedwren.DataAccess", "src\Tedwren.DataAccess\Tedwren.DataAccess.csproj", "{BD08408F-867F-4D11-8FB3-0EFBF0D0CAD7}"
EndProject
Project("{FAE04EC0-301F-11D3-BF4B-00C04F79EFBC}") = "Tedwren.Api", "src\Tedwren.Api\Tedwren.Api.csproj", "{2C769B39-95FE-463E-9DEF-49D9DCD77CAD}"
EndProject
Project("{2150E333-8FDC-42A3-9474-1A3956D46DE8}") = "tests", "tests", "{0AB3BF05-4346-4AA6-1389-037BE0695223}"
EndProject
Project("{FAE04EC0-301F-11D3-BF4B-00C04F79EFBC}") = "Tedwren.Domain.Tests", "tests\Tedwren.Domain.Tests\Tedwren.Domain.Tests.csproj", "{18EDBEFF-2AAD-4C95-A142-066B0BE4511A}"
EndProject
Project("{FAE04EC0-301F-11D3-BF4B-00C04F79EFBC}") = "Tedwren.Application.Tests", "tests\Tedwren.Application.Tests\Tedwren.Application.Tests.csproj", "{A524540C-E1CD-4071-A81D-C63D9319341F}"
EndProject
Project("{FAE04EC0-301F-11D3-BF4B-00C04F79EFBC}") = "Tedwren.DataAccess.Tests", "tests\Tedwren.DataAccess.Tests\Tedwren.DataAccess.Tests.csproj", "{1D12932C-55C8-4A97-8E43-2B774EBD725F}"
EndProject
Project("{FAE04EC0-301F-11D3-BF4B-00C04F79EFBC}") = "Tedwren.Api.Tests", "tests\Tedwren.Api.Tests\Tedwren.Api.Tests.csproj", "{B2C0A26F-425B-43FB-991B-10874274BC5D}"
EndProject
Project("{FAE04EC0-301F-11D3-BF4B-00C04F79EFBC}") = "Tedwren.Client.Tests", "tests\Tedwren.Client.Tests\Tedwren.Client.Tests.csproj", "{C03D230A-51BA-40C8-A969-B6CD828A89B7}"
EndProject
Global
	GlobalSection(SolutionConfigurationPlatforms) = preSolution
		Debug|Any CPU = Debug|Any CPU
		Debug|x64 = Debug|x64
		Debug|x86 = Debug|x86
		Release|Any CPU = Release|Any CPU
		Release|x64 = Release|x64
		Release|x86 = Release|x86
	EndGlobalSection
	GlobalSection(ProjectConfigurationPlatforms) = postSolution
		{A1111111-1111-1111-1111-111111111111}.Debug|Any CPU.ActiveCfg = Debug|Any CPU
		{A1111111-1111-1111-1111-111111111111}.Debug|Any CPU.Build.0 = Debug|Any CPU
		{A1111111-1111-1111-1111-111111111111}.Debug|x64.ActiveCfg = Debug|Any CPU
		{A1111111-1111-1111-1111-111111111111}.Debug|x64.Build.0 = Debug|Any CPU
		{A1111111-1111-1111-1111-111111111111}.Debug|x86.ActiveCfg = Debug|Any CPU
		{A1111111-1111-1111-1111-111111111111}.Debug|x86.Build.0 = Debug|Any CPU
		{A1111111-1111-1111-1111-111111111111}.Release|Any CPU.ActiveCfg = Release|Any CPU
		{A1111111-1111-1111-1111-111111111111}.Release|Any CPU.Build.0 = Release|Any CPU
		{A1111111-1111-1111-1111-111111111111}.Release|x64.ActiveCfg = Release|Any CPU
		{A1111111-1111-1111-1111-111111111111}.Release|x64.Build.0 = Release|Any CPU
		{A1111111-1111-1111-1111-111111111111}.Release|x86.ActiveCfg = Release|Any CPU
		{A1111111-1111-1111-1111-111111111111}.Release|x86.Build.0 = Release|Any CPU
		{B2222222-2222-2222-2222-222222222222}.Debug|Any CPU.ActiveCfg = Debug|Any CPU
		{B2222222-2222-2222-2222-222222222222}.Debug|Any CPU.Build.0 = Debug|Any CPU
		{B2222222-2222-2222-2222-222222222222}.Debug|x64.ActiveCfg = Debug|Any CPU
		{B2222222-2222-2222-2222-222222222222}.Debug|x64.Build.0 = Debug|Any CPU
		{B2222222-2222-2222-2222-222222222222}.Debug|x86.ActiveCfg = Debug|Any CPU
		{B2222222-2222-2222-2222-222222222222}.Debug|x86.Build.0 = Debug|Any CPU
		{B2222222-2222-2222-2222-222222222222}.Release|Any CPU.ActiveCfg = Release|Any CPU
		{B2222222-2222-2222-2222-222222222222}.Release|Any CPU.Build.0 = Release|Any CPU
		{B2222222-2222-2222-2222-222222222222}.Release|x64.ActiveCfg = Release|Any CPU
		{B2222222-2222-2222-2222-222222222222}.Release|x64.Build.0 = Release|Any CPU
		{B2222222-2222-2222-2222-222222222222}.Release|x86.ActiveCfg = Release|Any CPU
		{B2222222-2222-2222-2222-222222222222}.Release|x86.Build.0 = Release|Any CPU
		{C3333333-3333-3333-3333-333333333333}.Debug|Any CPU.ActiveCfg = Debug|Any CPU
		{C3333333-3333-3333-3333-333333333333}.Debug|Any CPU.Build.0 = Debug|Any CPU
		{C3333333-3333-3333-3333-333333333333}.Debug|x64.ActiveCfg = Debug|Any CPU
		{C3333333-3333-3333-3333-333333333333}.Debug|x64.Build.0 = Debug|Any CPU
		{C3333333-3333-3333-3333-333333333333}.Debug|x86.ActiveCfg = Debug|Any CPU
		{C3333333-3333-3333-3333-333333333333}.Debug|x86.Build.0 = Debug|Any CPU
		{C3333333-3333-3333-3333-333333333333}.Release|Any CPU.ActiveCfg = Release|Any CPU
		{C3333333-3333-3333-3333-333333333333}.Release|Any CPU.Build.0 = Release|Any CPU
		{C3333333-3333-3333-3333-333333333333}.Release|x64.ActiveCfg = Release|Any CPU
		{C3333333-3333-3333-3333-333333333333}.Release|x64.Build.0 = Release|Any CPU
		{C3333333-3333-3333-3333-333333333333}.Release|x86.ActiveCfg = Release|Any CPU
		{C3333333-3333-3333-3333-333333333333}.Release|x86.Build.0 = Release|Any CPU
		{F04C9C4A-C076-43D6-AAAA-B2E0088F8B27}.Debug|Any CPU.ActiveCfg = Debug|Any CPU
		{F04C9C4A-C076-43D6-AAAA-B2E0088F8B27}.Debug|Any CPU.Build.0 = Debug|Any CPU
		{F04C9C4A-C076-43D6-AAAA-B2E0088F8B27}.Debug|x64.ActiveCfg = Debug|Any CPU
		{F04C9C4A-C076-43D6-AAAA-B2E0088F8B27}.Debug|x64.Build.0 = Debug|Any CPU
		{F04C9C4A-C076-43D6-AAAA-B2E0088F8B27}.Debug|x86.ActiveCfg = Debug|Any CPU
		{F04C9C4A-C076-43D6-AAAA-B2E0088F8B27}.Debug|x86.Build.0 = Debug|Any CPU
		{F04C9C4A-C076-43D6-AAAA-B2E0088F8B27}.Release|Any CPU.ActiveCfg = Release|Any CPU
		{F04C9C4A-C076-43D6-AAAA-B2E0088F8B27}.Release|Any CPU.Build.0 = Release|Any CPU
		{F04C9C4A-C076-43D6-AAAA-B2E0088F8B27}.Release|x64.ActiveCfg = Release|Any CPU
		{F04C9C4A-C076-43D6-AAAA-B2E0088F8B27}.Release|x64.Build.0 = Release|Any CPU
		{F04C9C4A-C076-43D6-AAAA-B2E0088F8B27}.Release|x86.ActiveCfg = Release|Any CPU
		{F04C9C4A-C076-43D6-AAAA-B2E0088F8B27}.Release|x86.Build.0 = Release|Any CPU
		{202A1D16-5A0F-49E8-8241-485E0EE596A4}.Debug|Any CPU.ActiveCfg = Debug|Any CPU
		{202A1D16-5A0F-49E8-8241-485E0EE596A4}.Debug|Any CPU.Build.0 = Debug|Any CPU
		{202A1D16-5A0F-49E8-8241-485E0EE596A4}.Debug|x64.ActiveCfg = Debug|Any CPU
		{202A1D16-5A0F-49E8-8241-485E0EE596A4}.Debug|x64.Build.0 = Debug|Any CPU
		{202A1D16-5A0F-49E8-8241-485E0EE596A4}.Debug|x86.ActiveCfg = Debug|Any CPU
		{202A1D16-5A0F-49E8-8241-485E0EE596A4}.Debug|x86.Build.0 = Debug|Any CPU
		{202A1D16-5A0F-49E8-8241-485E0EE596A4}.Release|Any CPU.ActiveCfg = Release|Any CPU
		{202A1D16-5A0F-49E8-8241-485E0EE596A4}.Release|Any CPU.Build.0 = Release|Any CPU
		{202A1D16-5A0F-49E8-8241-485E0EE596A4}.Release|x64.ActiveCfg = Release|Any CPU
		{202A1D16-5A0F-49E8-8241-485E0EE596A4}.Release|x64.Build.0 = Release|Any CPU
		{202A1D16-5A0F-49E8-8241-485E0EE596A4}.Release|x86.ActiveCfg = Release|Any CPU
		{202A1D16-5A0F-49E8-8241-485E0EE596A4}.Release|x86.Build.0 = Release|Any CPU
		{760707DA-CB76-483D-9B36-396B66FBB2FF}.Debug|Any CPU.ActiveCfg = Debug|Any CPU
		{760707DA-CB76-483D-9B36-396B66FBB2FF}.Debug|Any CPU.Build.0 = Debug|Any CPU
		{760707DA-CB76-483D-9B36-396B66FBB2FF}.Debug|x64.ActiveCfg = Debug|Any CPU
		{760707DA-CB76-483D-9B36-396B66FBB2FF}.Debug|x64.Build.0 = Debug|Any CPU
		{760707DA-CB76-483D-9B36-396B66FBB2FF}.Debug|x86.ActiveCfg = Debug|Any CPU
		{760707DA-CB76-483D-9B36-396B66FBB2FF}.Debug|x86.Build.0 = Debug|Any CPU
		{760707DA-CB76-483D-9B36-396B66FBB2FF}.Release|Any CPU.ActiveCfg = Release|Any CPU
		{760707DA-CB76-483D-9B36-396B66FBB2FF}.Release|Any CPU.Build.0 = Release|Any CPU
		{760707DA-CB76-483D-9B36-396B66FBB2FF}.Release|x64.ActiveCfg = Release|Any CPU
		{760707DA-CB76-483D-9B36-396B66FBB2FF}.Release|x64.Build.0 = Release|Any CPU
		{760707DA-CB76-483D-9B36-396B66FBB2FF}.Release|x86.ActiveCfg = Release|Any CPU
		{760707DA-CB76-483D-9B36-396B66FBB2FF}.Release|x86.Build.0 = Release|Any CPU
		{BD08408F-867F-4D11-8FB3-0EFBF0D0CAD7}.Debug|Any CPU.ActiveCfg = Debug|Any CPU
		{BD08408F-867F-4D11-8FB3-0EFBF0D0CAD7}.Debug|Any CPU.Build.0 = Debug|Any CPU
		{BD08408F-867F-4D11-8FB3-0EFBF0D0CAD7}.Debug|x64.ActiveCfg = Debug|Any CPU
		{BD08408F-867F-4D11-8FB3-0EFBF0D0CAD7}.Debug|x64.Build.0 = Debug|Any CPU
		{BD08408F-867F-4D11-8FB3-0EFBF0D0CAD7}.Debug|x86.ActiveCfg = Debug|Any CPU
		{BD08408F-867F-4D11-8FB3-0EFBF0D0CAD7}.Debug|x86.Build.0 = Debug|Any CPU
		{BD08408F-867F-4D11-8FB3-0EFBF0D0CAD7}.Release|Any CPU.ActiveCfg = Release|Any CPU
		{BD08408F-867F-4D11-8FB3-0EFBF0D0CAD7}.Release|Any CPU.Build.0 = Release|Any CPU
		{BD08408F-867F-4D11-8FB3-0EFBF0D0CAD7}.Release|x64.ActiveCfg = Release|Any CPU
		{BD08408F-867F-4D11-8FB3-0EFBF0D0CAD7}.Release|x64.Build.0 = Release|Any CPU
		{BD08408F-867F-4D11-8FB3-0EFBF0D0CAD7}.Release|x86.ActiveCfg = Release|Any CPU
		{BD08408F-867F-4D11-8FB3-0EFBF0D0CAD7}.Release|x86.Build.0 = Release|Any CPU
		{2C769B39-95FE-463E-9DEF-49D9DCD77CAD}.Debug|Any CPU.ActiveCfg = Debug|Any CPU
		{2C769B39-95FE-463E-9DEF-49D9DCD77CAD}.Debug|Any CPU.Build.0 = Debug|Any CPU
		{2C769B39-95FE-463E-9DEF-49D9DCD77CAD}.Debug|x64.ActiveCfg = Debug|Any CPU
		{2C769B39-95FE-463E-9DEF-49D9DCD77CAD}.Debug|x64.Build.0 = Debug|Any CPU
		{2C769B39-95FE-463E-9DEF-49D9DCD77CAD}.Debug|x86.ActiveCfg = Debug|Any CPU
		{2C769B39-95FE-463E-9DEF-49D9DCD77CAD}.Debug|x86.Build.0 = Debug|Any CPU
		{2C769B39-95FE-463E-9DEF-49D9DCD77CAD}.Release|Any CPU.ActiveCfg = Release|Any CPU
		{2C769B39-95FE-463E-9DEF-49D9DCD77CAD}.Release|Any CPU.Build.0 = Release|Any CPU
		{2C769B39-95FE-463E-9DEF-49D9DCD77CAD}.Release|x64.ActiveCfg = Release|Any CPU
		{2C769B39-95FE-463E-9DEF-49D9DCD77CAD}.Release|x64.Build.0 = Release|Any CPU
		{2C769B39-95FE-463E-9DEF-49D9DCD77CAD}.Release|x86.ActiveCfg = Release|Any CPU
		{2C769B39-95FE-463E-9DEF-49D9DCD77CAD}.Release|x86.Build.0 = Release|Any CPU
		{18EDBEFF-2AAD-4C95-A142-066B0BE4511A}.Debug|Any CPU.ActiveCfg = Debug|Any CPU
		{18EDBEFF-2AAD-4C95-A142-066B0BE4511A}.Debug|Any CPU.Build.0 = Debug|Any CPU
		{18EDBEFF-2AAD-4C95-A142-066B0BE4511A}.Debug|x64.ActiveCfg = Debug|Any CPU
		{18EDBEFF-2AAD-4C95-A142-066B0BE4511A}.Debug|x64.Build.0 = Debug|Any CPU
		{18EDBEFF-2AAD-4C95-A142-066B0BE4511A}.Debug|x86.ActiveCfg = Debug|Any CPU
		{18EDBEFF-2AAD-4C95-A142-066B0BE4511A}.Debug|x86.Build.0 = Debug|Any CPU
		{18EDBEFF-2AAD-4C95-A142-066B0BE4511A}.Release|Any CPU.ActiveCfg = Release|Any CPU
		{18EDBEFF-2AAD-4C95-A142-066B0BE4511A}.Release|Any CPU.Build.0 = Release|Any CPU
		{18EDBEFF-2AAD-4C95-A142-066B0BE4511A}.Release|x64.ActiveCfg = Release|Any CPU
		{18EDBEFF-2AAD-4C95-A142-066B0BE4511A}.Release|x64.Build.0 = Release|Any CPU
		{18EDBEFF-2AAD-4C95-A142-066B0BE4511A}.Release|x86.ActiveCfg = Release|Any CPU
		{18EDBEFF-2AAD-4C95-A142-066B0BE4511A}.Release|x86.Build.0 = Release|Any CPU
		{A524540C-E1CD-4071-A81D-C63D9319341F}.Debug|Any CPU.ActiveCfg = Debug|Any CPU
		{A524540C-E1CD-4071-A81D-C63D9319341F}.Debug|Any CPU.Build.0 = Debug|Any CPU
		{A524540C-E1CD-4071-A81D-C63D9319341F}.Debug|x64.ActiveCfg = Debug|Any CPU
		{A524540C-E1CD-4071-A81D-C63D9319341F}.Debug|x64.Build.0 = Debug|Any CPU
		{A524540C-E1CD-4071-A81D-C63D9319341F}.Debug|x86.ActiveCfg = Debug|Any CPU
		{A524540C-E1CD-4071-A81D-C63D9319341F}.Debug|x86.Build.0 = Debug|Any CPU
		{A524540C-E1CD-4071-A81D-C63D9319341F}.Release|Any CPU.ActiveCfg = Release|Any CPU
		{A524540C-E1CD-4071-A81D-C63D9319341F}.Release|Any CPU.Build.0 = Release|Any CPU
		{A524540C-E1CD-4071-A81D-C63D9319341F}.Release|x64.ActiveCfg = Release|Any CPU
		{A524540C-E1CD-4071-A81D-C63D9319341F}.Release|x64.Build.0 = Release|Any CPU
		{A524540C-E1CD-4071-A81D-C63D9319341F}.Release|x86.ActiveCfg = Release|Any CPU
		{A524540C-E1CD-4071-A81D-C63D9319341F}.Release|x86.Build.0 = Release|Any CPU
		{1D12932C-55C8-4A97-8E43-2B774EBD725F}.Debug|Any CPU.ActiveCfg = Debug|Any CPU
		{1D12932C-55C8-4A97-8E43-2B774EBD725F}.Debug|Any CPU.Build.0 = Debug|Any CPU
		{1D12932C-55C8-4A97-8E43-2B774EBD725F}.Debug|x64.ActiveCfg = Debug|Any CPU
		{1D12932C-55C8-4A97-8E43-2B774EBD725F}.Debug|x64.Build.0 = Debug|Any CPU
		{1D12932C-55C8-4A97-8E43-2B774EBD725F}.Debug|x86.ActiveCfg = Debug|Any CPU
		{1D12932C-55C8-4A97-8E43-2B774EBD725F}.Debug|x86.Build.0 = Debug|Any CPU
		{1D12932C-55C8-4A97-8E43-2B774EBD725F}.Release|Any CPU.ActiveCfg = Release|Any CPU
		{1D12932C-55C8-4A97-8E43-2B774EBD725F}.Release|Any CPU.Build.0 = Release|Any CPU
		{1D12932C-55C8-4A97-8E43-2B774EBD725F}.Release|x64.ActiveCfg = Release|Any CPU
		{1D12932C-55C8-4A97-8E43-2B774EBD725F}.Release|x64.Build.0 = Release|Any CPU
		{1D12932C-55C8-4A97-8E43-2B774EBD725F}.Release|x86.ActiveCfg = Release|Any CPU
		{1D12932C-55C8-4A97-8E43-2B774EBD725F}.Release|x86.Build.0 = Release|Any CPU
		{B2C0A26F-425B-43FB-991B-10874274BC5D}.Debug|Any CPU.ActiveCfg = Debug|Any CPU
		{B2C0A26F-425B-43FB-991B-10874274BC5D}.Debug|Any CPU.Build.0 = Debug|Any CPU
		{B2C0A26F-425B-43FB-991B-10874274BC5D}.Debug|x64.ActiveCfg = Debug|Any CPU
		{B2C0A26F-425B-43FB-991B-10874274BC5D}.Debug|x64.Build.0 = Debug|Any CPU
		{B2C0A26F-425B-43FB-991B-10874274BC5D}.Debug|x86.ActiveCfg = Debug|Any CPU
		{B2C0A26F-425B-43FB-991B-10874274BC5D}.Debug|x86.Build.0 = Debug|Any CPU
		{B2C0A26F-425B-43FB-991B-10874274BC5D}.Release|Any CPU.ActiveCfg = Release|Any CPU
		{B2C0A26F-425B-43FB-991B-10874274BC5D}.Release|Any CPU.Build.0 = Release|Any CPU
		{B2C0A26F-425B-43FB-991B-10874274BC5D}.Release|x64.ActiveCfg = Release|Any CPU
		{B2C0A26F-425B-43FB-991B-10874274BC5D}.Release|x64.Build.0 = Release|Any CPU
		{B2C0A26F-425B-43FB-991B-10874274BC5D}.Release|x86.ActiveCfg = Release|Any CPU
		{B2C0A26F-425B-43FB-991B-10874274BC5D}.Release|x86.Build.0 = Release|Any CPU
		{C03D230A-51BA-40C8-A969-B6CD828A89B7}.Debug|Any CPU.ActiveCfg = Debug|Any CPU
		{C03D230A-51BA-40C8-A969-B6CD828A89B7}.Debug|Any CPU.Build.0 = Debug|Any CPU
		{C03D230A-51BA-40C8-A969-B6CD828A89B7}.Debug|x64.ActiveCfg = Debug|Any CPU
		{C03D230A-51BA-40C8-A969-B6CD828A89B7}.Debug|x64.Build.0 = Debug|Any CPU
		{C03D230A-51BA-40C8-A969-B6CD828A89B7}.Debug|x86.ActiveCfg = Debug|Any CPU
		{C03D230A-51BA-40C8-A969-B6CD828A89B7}.Debug|x86.Build.0 = Debug|Any CPU
		{C03D230A-51BA-40C8-A969-B6CD828A89B7}.Release|Any CPU.ActiveCfg = Release|Any CPU
		{C03D230A-51BA-40C8-A969-B6CD828A89B7}.Release|Any CPU.Build.0 = Release|Any CPU
		{C03D230A-51BA-40C8-A969-B6CD828A89B7}.Release|x64.ActiveCfg = Release|Any CPU
		{C03D230A-51BA-40C8-A969-B6CD828A89B7}.Release|x64.Build.0 = Release|Any CPU
		{C03D230A-51BA-40C8-A969-B6CD828A89B7}.Release|x86.ActiveCfg = Release|Any CPU
		{C03D230A-51BA-40C8-A969-B6CD828A89B7}.Release|x86.Build.0 = Release|Any CPU
	EndGlobalSection
	GlobalSection(SolutionProperties) = preSolution
		HideSolutionNode = FALSE
	EndGlobalSection
	GlobalSection(NestedProjects) = preSolution
		{F04C9C4A-C076-43D6-AAAA-B2E0088F8B27} = {827E0CD3-B72D-47B6-A68D-7590B98EB39B}
		{202A1D16-5A0F-49E8-8241-485E0EE596A4} = {827E0CD3-B72D-47B6-A68D-7590B98EB39B}
		{760707DA-CB76-483D-9B36-396B66FBB2FF} = {827E0CD3-B72D-47B6-A68D-7590B98EB39B}
		{BD08408F-867F-4D11-8FB3-0EFBF0D0CAD7} = {827E0CD3-B72D-47B6-A68D-7590B98EB39B}
		{2C769B39-95FE-463E-9DEF-49D9DCD77CAD} = {827E0CD3-B72D-47B6-A68D-7590B98EB39B}
		{18EDBEFF-2AAD-4C95-A142-066B0BE4511A} = {0AB3BF05-4346-4AA6-1389-037BE0695223}
		{A524540C-E1CD-4071-A81D-C63D9319341F} = {0AB3BF05-4346-4AA6-1389-037BE0695223}
		{1D12932C-55C8-4A97-8E43-2B774EBD725F} = {0AB3BF05-4346-4AA6-1389-037BE0695223}
		{B2C0A26F-425B-43FB-991B-10874274BC5D} = {0AB3BF05-4346-4AA6-1389-037BE0695223}
		{C03D230A-51BA-40C8-A969-B6CD828A89B7} = {0AB3BF05-4346-4AA6-1389-037BE0695223}
	EndGlobalSection
EndGlobal
